
Microsoft Visual Studio Solution File, Format Version 12.00
# Visual Studio Version 17
VisualStudioVersion = 17.0.31903.59
MinimumVisualStudioVersion = 10.0.40219.1
Project("{2150E333-8FDC-42A3-9474-1A3956D46DE8}") = "Services", "Services", "{27A6A79D-3853-4E99-8DC5-F42631DEAE78}"
EndProject
Project("{2150E333-8FDC-42A3-9474-1A3956D46DE8}") = "Processor", "Processor", "{3E93D94A-BF9A-4ED6-BBE4-E74F20884186}"
EndProject
Project("{2150E333-8FDC-42A3-9474-1A3956D46DE8}") = "Register", "Register", "{6FD83DDB-34D6-4629-BF1C-117F8426F283}"
EndProject
Project("{9A19103F-16F7-4668-BE54-9A1E7A4F7556}") = "Processor.API", "Services\Processor\Processor.API\Processor.API.csproj", "{272AC359-A09F-4F32-BEAC-040F33574B4C}"
EndProject
Project("{9A19103F-16F7-4668-BE54-9A1E7A4F7556}") = "Register.API", "Services\Register\Register.API\Register.API.csproj", "{68BE319C-99DC-4C8D-940D-FA6926B4CDAF}"
EndProject
Project("{9A19103F-16F7-4668-BE54-9A1E7A4F7556}") = "Register.API.Test", "Services\Register\Register.API.Test\Register.API.Test.csproj", "{4E51881F-F2D7-492F-9211-6CB934838782}"
EndProject
Project("{9A19103F-16F7-4668-BE54-9A1E7A4F7556}") = "Processor.Grpc", "Processor.Grpc\Processor.Grpc.csproj", "{1DAB290E-9CB3-4AD8-BF16-96EFF624D67E}"
EndProject
Global
	GlobalSection(SolutionConfigurationPlatforms) = preSolution
		Debug|Any CPU = Debug|Any CPU
		Release|Any CPU = Release|Any CPU
	EndGlobalSection
	GlobalSection(ProjectConfigurationPlatforms) = postSolution
		{272AC359-A09F-4F32-BEAC-040F33574B4C}.Debug|Any CPU.ActiveCfg = Debug|Any CPU
		{272AC359-A09F-4F32-BEAC-040F33574B4C}.Debug|Any CPU.Build.0 = Debug|Any CPU
		{272AC359-A09F-4F32-BEAC-040F33574B4C}.Release|Any CPU.ActiveCfg = Release|Any CPU
		{272AC359-A09F-4F32-BEAC-040F33574B4C}.Release|Any CPU.Build.0 = Release|Any CPU
		{68BE319C-99DC-4C8D-940D-FA6926B4CDAF}.Debug|Any CPU.ActiveCfg = Debug|Any CPU
		{68BE319C-99DC-4C8D-940D-FA6926B4CDAF}.Debug|Any CPU.Build.0 = Debug|Any CPU
		{68BE319C-99DC-4C8D-940D-FA6926B4CDAF}.Release|Any CPU.ActiveCfg = Release|Any CPU
		{68BE319C-99DC-4C8D-940D-FA6926B4CDAF}.Release|Any CPU.Build.0 = Release|Any CPU
		{4E51881F-F2D7-492F-9211-6CB934838782}.Debug|Any CPU.ActiveCfg = Debug|Any CPU
		{4E51881F-F2D7-492F-9211-6CB934838782}.Debug|Any CPU.Build.0 = Debug|Any CPU
		{4E51881F-F2D7-492F-9211-6CB934838782}.Release|Any CPU.ActiveCfg = Release|Any CPU
		{4E51881F-F2D7-492F-9211-6CB934838782}.Release|Any CPU.Build.0 = Release|Any CPU
		{1DAB290E-9CB3-4AD8-BF16-96EFF624D67E}.Debug|Any CPU.ActiveCfg = Debug|Any CPU
		{1DAB290E-9CB3-4AD8-BF16-96EFF624D67E}.Debug|Any CPU.Build.0 = Debug|Any CPU
		{1DAB290E-9CB3-4AD8-BF16-96EFF624D67E}.Release|Any CPU.ActiveCfg = Release|Any CPU
		{1DAB290E-9CB3-4AD8-BF16-96EFF624D67E}.Release|Any CPU.Build.0 = Release|Any CPU
	EndGlobalSection
	GlobalSection(SolutionProperties) = preSolution
		HideSolutionNode = FALSE
	EndGlobalSection
	GlobalSection(NestedProjects) = preSolution
		{3E93D94A-BF9A-4ED6-BBE4-E74F20884186} = {27A6A79D-3853-4E99-8DC5-F42631DEAE78}
		{6FD83DDB-34D6-4629-BF1C-117F8426F283} = {27A6A79D-3853-4E99-8DC5-F42631DEAE78}
		{272AC359-A09F-4F32-BEAC-040F33574B4C} = {3E93D94A-BF9A-4ED6-BBE4-E74F20884186}
		{68BE319C-99DC-4C8D-940D-FA6926B4CDAF} = {6FD83DDB-34D6-4629-BF1C-117F8426F283}
		{4E51881F-F2D7-492F-9211-6CB934838782} = {6FD83DDB-34D6-4629-BF1C-117F8426F283}
		{1DAB290E-9CB3-4AD8-BF16-96EFF624D67E} = {27A6A79D-3853-4E99-8DC5-F42631DEAE78}
	EndGlobalSection
	GlobalSection(ExtensibilityGlobals) = postSolution
		SolutionGuid = {8D9575AB-A6F1-4EE6-8E45-C77A852A6B1B}
	EndGlobalSection
EndGlobal
